// !$*UTF8*$!
{
	archiveVersion = 1;
	classes = {
	};
	objectVersion = 55;
	objects = {

/* Begin PBXBuildFile section */
		7979FDDA28AE4D5F00D2F34E /* AppDelegate.swift in Sources */ = {isa = PBXBuildFile; fileRef = 7979FDD928AE4D5F00D2F34E /* AppDelegate.swift */; };
		7979FDDC28AE4D5F00D2F34E /* SceneDelegate.swift in Sources */ = {isa = PBXBuildFile; fileRef = 7979FDDB28AE4D5F00D2F34E /* SceneDelegate.swift */; };
		7979FDDE28AE4D5F00D2F34E /* CarouseCollectionTableViewController.swift in Sources */ = {isa = PBXBuildFile; fileRef = 7979FDDD28AE4D5F00D2F34E /* CarouseCollectionTableViewController.swift */; };
		7979FDE128AE4D5F00D2F34E /* Main.storyboard in Resources */ = {isa = PBXBuildFile; fileRef = 7979FDDF28AE4D5F00D2F34E /* Main.storyboard */; };
		7979FDE328AE4D6100D2F34E /* Assets.xcassets in Resources */ = {isa = PBXBuildFile; fileRef = 7979FDE228AE4D6100D2F34E /* Assets.xcassets */; };
		7979FDE628AE4D6100D2F34E /* LaunchScreen.storyboard in Resources */ = {isa = PBXBuildFile; fileRef = 7979FDE428AE4D6100D2F34E /* LaunchScreen.storyboard */; };
		7979FDF128AE4D6100D2F34E /* CollectionTableViewTests.swift in Sources */ = {isa = PBXBuildFile; fileRef = 7979FDF028AE4D6100D2F34E /* CollectionTableViewTests.swift */; };
		7979FDFB28AE4D6100D2F34E /* CollectionTableViewUITests.swift in Sources */ = {isa = PBXBuildFile; fileRef = 7979FDFA28AE4D6100D2F34E /* CollectionTableViewUITests.swift */; };
		7979FDFD28AE4D6100D2F34E /* CollectionTableViewUITestsLaunchTests.swift in Sources */ = {isa = PBXBuildFile; fileRef = 7979FDFC28AE4D6100D2F34E /* CollectionTableViewUITestsLaunchTests.swift */; };
		7979FE0C28AE4EB700D2F34E /* CollectionTableViewCell.swift in Sources */ = {isa = PBXBuildFile; fileRef = 7979FE0B28AE4EB700D2F34E /* CollectionTableViewCell.swift */; };
		7979FE0E28AFBB9000D2F34E /* TileCollectionViewCell.swift in Sources */ = {isa = PBXBuildFile; fileRef = 7979FE0D28AFBB9000D2F34E /* TileCollectionViewCell.swift */; };
/* End PBXBuildFile section */

/* Begin PBXContainerItemProxy section */
		7979FDED28AE4D6100D2F34E /* PBXContainerItemProxy */ = {
			isa = PBXContainerItemProxy;
			containerPortal = 7979FDCE28AE4D5F00D2F34E /* Project object */;
			proxyType = 1;
			remoteGlobalIDString = 7979FDD528AE4D5F00D2F34E;
			remoteInfo = CollectionTableView;
		};
		7979FDF728AE4D6100D2F34E /* PBXContainerItemProxy */ = {
			isa = PBXContainerItemProxy;
			containerPortal = 7979FDCE28AE4D5F00D2F34E /* Project object */;
			proxyType = 1;
			remoteGlobalIDString = 7979FDD528AE4D5F00D2F34E;
			remoteInfo = CollectionTableView;
		};
/* End PBXContainerItemProxy section */

/* Begin PBXFileReference section */
		7979FDD628AE4D5F00D2F34E /* CollectionTableView.app */ = {isa = PBXFileReference; explicitFileType = wrapper.application; includeInIndex = 0; path = CollectionTableView.app; sourceTree = BUILT_PRODUCTS_DIR; };
		7979FDD928AE4D5F00D2F34E /* AppDelegate.swift */ = {isa = PBXFileReference; lastKnownFileType = sourcecode.swift; path = AppDelegate.swift; sourceTree = "<group>"; };
		7979FDDB28AE4D5F00D2F34E /* SceneDelegate.swift */ = {isa = PBXFileReference; lastKnownFileType = sourcecode.swift; path = SceneDelegate.swift; sourceTree = "<group>"; };
		7979FDDD28AE4D5F00D2F34E /* CarouseCollectionTableViewController.swift */ = {isa = PBXFileReference; lastKnownFileType = sourcecode.swift; path = CarouseCollectionTableViewController.swift; sourceTree = "<group>"; };
		7979FDE028AE4D5F00D2F34E /* Base */ = {isa = PBXFileReference; lastKnownFileType = file.storyboard; name = Base; path = Base.lproj/Main.storyboard; sourceTree = "<group>"; };
		7979FDE228AE4D6100D2F34E /* Assets.xcassets */ = {isa = PBXFileReference; lastKnownFileType = folder.assetcatalog; path = Assets.xcassets; sourceTree = "<group>"; };
		7979FDE528AE4D6100D2F34E /* Base */ = {isa = PBXFileReference; lastKnownFileType = file.storyboard; name = Base; path = Base.lproj/LaunchScreen.storyboard; sourceTree = "<group>"; };
		7979FDE728AE4D6100D2F34E /* Info.plist */ = {isa = PBXFileReference; lastKnownFileType = text.plist.xml; path = Info.plist; sourceTree = "<group>"; };
		7979FDEC28AE4D6100D2F34E /* CollectionTableViewTests.xctest */ = {isa = PBXFileReference; explicitFileType = wrapper.cfbundle; includeInIndex = 0; path = CollectionTableViewTests.xctest; sourceTree = BUILT_PRODUCTS_DIR; };
		7979FDF028AE4D6100D2F34E /* CollectionTableViewTests.swift */ = {isa = PBXFileReference; lastKnownFileType = sourcecode.swift; path = CollectionTableViewTests.swift; sourceTree = "<group>"; };
		7979FDF628AE4D6100D2F34E /* CollectionTableViewUITests.xctest */ = {isa = PBXFileReference; explicitFileType = wrapper.cfbundle; includeInIndex = 0; path = CollectionTableViewUITests.xctest; sourceTree = BUILT_PRODUCTS_DIR; };
		7979FDFA28AE4D6100D2F34E /* CollectionTableViewUITests.swift */ = {isa = PBXFileReference; lastKnownFileType = sourcecode.swift; path = CollectionTableViewUITests.swift; sourceTree = "<group>"; };
		7979FDFC28AE4D6100D2F34E /* CollectionTableViewUITestsLaunchTests.swift */ = {isa = PBXFileReference; lastKnownFileType = sourcecode.swift; path = CollectionTableViewUITestsLaunchTests.swift; sourceTree = "<group>"; };
		7979FE0B28AE4EB700D2F34E /* CollectionTableViewCell.swift */ = {isa = PBXFileReference; lastKnownFileType = sourcecode.swift; path = CollectionTableViewCell.swift; sourceTree = "<group>"; };
		7979FE0D28AFBB9000D2F34E /* TileCollectionViewCell.swift */ = {isa = PBXFileReference; lastKnownFileType = sourcecode.swift; path = TileCollectionViewCell.swift; sourceTree = "<group>"; };
/* End PBXFileReference section */

/* Begin PBXFrameworksBuildPhase section */
		7979FDD328AE4D5F00D2F34E /* Frameworks */ = {
			isa = PBXFrameworksBuildPhase;
			buildActionMask = 2147483647;
			files = (
			);
			runOnlyForDeploymentPostprocessing = 0;
		};
		7979FDE928AE4D6100D2F34E /* Frameworks */ = {
			isa = PBXFrameworksBuildPhase;
			buildActionMask = 2147483647;
			files = (
			);
			runOnlyForDeploymentPostprocessing = 0;
		};
		7979FDF328AE4D6100D2F34E /* Frameworks */ = {
			isa = PBXFrameworksBuildPhase;
			buildActionMask = 2147483647;
			files = (
			);
			runOnlyForDeploymentPostprocessing = 0;
		};
/* End PBXFrameworksBuildPhase section */

/* Begin PBXGroup section */
		7979FDCD28AE4D5F00D2F34E = {
			isa = PBXGroup;
			children = (
				7979FDD828AE4D5F00D2F34E /* CollectionTableView */,
				7979FDF928AE4D6100D2F34E /* CollectionTableViewUITests */,
				7979FDD728AE4D5F00D2F34E /* Products */,
			);
			sourceTree = "<group>";
		};
		7979FDD728AE4D5F00D2F34E /* Products */ = {
			isa = PBXGroup;
			children = (
				7979FDD628AE4D5F00D2F34E /* CollectionTableView.app */,
				7979FDEC28AE4D6100D2F34E /* CollectionTableViewTests.xctest */,
				7979FDF628AE4D6100D2F34E /* CollectionTableViewUITests.xctest */,
			);
			name = Products;
			sourceTree = "<group>";
		};
		7979FDD828AE4D5F00D2F34E /* CollectionTableView */ = {
			isa = PBXGroup;
			children = (
				7979FDD928AE4D5F00D2F34E /* AppDelegate.swift */,
				7979FDDB28AE4D5F00D2F34E /* SceneDelegate.swift */,
				7979FDDD28AE4D5F00D2F34E /* CarouseCollectionTableViewController.swift */,
				7979FE0B28AE4EB700D2F34E /* CollectionTableViewCell.swift */,
				7979FE0D28AFBB9000D2F34E /* TileCollectionViewCell.swift */,
				7979FDDF28AE4D5F00D2F34E /* Main.storyboard */,
				7979FDE228AE4D6100D2F34E /* Assets.xcassets */,
				7979FDE428AE4D6100D2F34E /* LaunchScreen.storyboard */,
				7979FDE728AE4D6100D2F34E /* Info.plist */,
				7979FDEF28AE4D6100D2F34E /* CollectionTableViewTests */,
			);
			path = CollectionTableView;
			sourceTree = "<group>";
		};
		7979FDEF28AE4D6100D2F34E /* CollectionTableViewTests */ = {
			isa = PBXGroup;
			children = (
				7979FDF028AE4D6100D2F34E /* CollectionTableViewTests.swift */,
			);
			path = CollectionTableViewTests;
			sourceTree = "<group>";
		};
		7979FDF928AE4D6100D2F34E /* CollectionTableViewUITests */ = {
			isa = PBXGroup;
			children = (
				7979FDFA28AE4D6100D2F34E /* CollectionTableViewUITests.swift */,
				7979FDFC28AE4D6100D2F34E /* CollectionTableViewUITestsLaunchTests.swift */,
			);
			path = CollectionTableViewUITests;
			sourceTree = "<group>";
		};
/* End PBXGroup section */

/* Begin PBXNativeTarget section */
		7979FDD528AE4D5F00D2F34E /* CollectionTableView */ = {
			isa = PBXNativeTarget;
			buildConfigurationList = 7979FE0028AE4D6100D2F34E /* Build configuration list for PBXNativeTarget "CollectionTableView" */;
			buildPhases = (
				7979FDD228AE4D5F00D2F34E /* Sources */,
				7979FDD328AE4D5F00D2F34E /* Frameworks */,
				7979FDD428AE4D5F00D2F34E /* Resources */,
			);
			buildRules = (
			);
			dependencies = (
			);
			name = CollectionTableView;
			productName = CollectionTableView;
			productReference = 7979FDD628AE4D5F00D2F34E /* CollectionTableView.app */;
			productType = "com.apple.product-type.application";
		};
		7979FDEB28AE4D6100D2F34E /* CollectionTableViewTests */ = {
			isa = PBXNativeTarget;
			buildConfigurationList = 7979FE0328AE4D6100D2F34E /* Build configuration list for PBXNativeTarget "CollectionTableViewTests" */;
			buildPhases = (
				7979FDE828AE4D6100D2F34E /* Sources */,
				7979FDE928AE4D6100D2F34E /* Frameworks */,
				7979FDEA28AE4D6100D2F34E /* Resources */,
			);
			buildRules = (
			);
			dependencies = (
				7979FDEE28AE4D6100D2F34E /* PBXTargetDependency */,
			);
			name = CollectionTableViewTests;
			productName = CollectionTableViewTests;
			productReference = 7979FDEC28AE4D6100D2F34E /* CollectionTableViewTests.xctest */;
			productType = "com.apple.product-type.bundle.unit-test";
		};
		7979FDF528AE4D6100D2F34E /* CollectionTableViewUITests */ = {
			isa = PBXNativeTarget;
			buildConfigurationList = 7979FE0628AE4D6100D2F34E /* Build configuration list for PBXNativeTarget "CollectionTableViewUITests" */;
			buildPhases = (
				7979FDF228AE4D6100D2F34E /* Sources */,
				7979FDF328AE4D6100D2F34E /* Frameworks */,
				7979FDF428AE4D6100D2F34E /* Resources */,
			);
			buildRules = (
			);
			dependencies = (
				7979FDF828AE4D6100D2F34E /* PBXTargetDependency */,
			);
			name = CollectionTableViewUITests;
			productName = CollectionTableViewUITests;
			productReference = 7979FDF628AE4D6100D2F34E /* CollectionTableViewUITests.xctest */;
			productType = "com.apple.product-type.bundle.ui-testing";
		};
/* End PBXNativeTarget section */

/* Begin PBXProject section */
		7979FDCE28AE4D5F00D2F34E /* Project object */ = {
			isa = PBXProject;
			attributes = {
				BuildIndependentTargetsInParallel = 1;
				LastSwiftUpdateCheck = 1330;
				LastUpgradeCheck = 1330;
				TargetAttributes = {
					7979FDD528AE4D5F00D2F34E = {
						CreatedOnToolsVersion = 13.3;
					};
					7979FDEB28AE4D6100D2F34E = {
						CreatedOnToolsVersion = 13.3;
						TestTargetID = 7979FDD528AE4D5F00D2F34E;
					};
					7979FDF528AE4D6100D2F34E = {
						CreatedOnToolsVersion = 13.3;
						TestTargetID = 7979FDD528AE4D5F00D2F34E;
					};
				};
			};
			buildConfigurationList = 7979FDD128AE4D5F00D2F34E /* Build configuration list for PBXProject "CollectionTableView" */;
			compatibilityVersion = "Xcode 13.0";
			developmentRegion = en;
			hasScannedForEncodings = 0;
			knownRegions = (
				en,
				Base,
			);
			mainGroup = 7979FDCD28AE4D5F00D2F34E;
			productRefGroup = 7979FDD728AE4D5F00D2F34E /* Products */;
			projectDirPath = "";
			projectRoot = "";
			targets = (
				7979FDD528AE4D5F00D2F34E /* CollectionTableView */,
				7979FDEB28AE4D6100D2F34E /* CollectionTableViewTests */,
				7979FDF528AE4D6100D2F34E /* CollectionTableViewUITests */,
			);
		};
/* End PBXProject section */

/* Begin PBXResourcesBuildPhase section */
		7979FDD428AE4D5F00D2F34E /* Resources */ = {
			isa = PBXResourcesBuildPhase;
			buildActionMask = 2147483647;
			files = (
				7979FDE628AE4D6100D2F34E /* LaunchScreen.storyboard in Resources */,
				7979FDE328AE4D6100D2F34E /* Assets.xcassets in Resources */,
				7979FDE128AE4D5F00D2F34E /* Main.storyboard in Resources */,
			);
			runOnlyForDeploymentPostprocessing = 0;
		};
		7979FDEA28AE4D6100D2F34E /* Resources */ = {
			isa = PBXResourcesBuildPhase;
			buildActionMask = 2147483647;
			files = (
			);
			runOnlyForDeploymentPostprocessing = 0;
		};
		7979FDF428AE4D6100D2F34E /* Resources */ = {
			isa = PBXResourcesBuildPhase;
			buildActionMask = 2147483647;
			files = (
			);
			runOnlyForDeploymentPostprocessing = 0;
		};
/* End PBXResourcesBuildPhase section */

/* Begin PBXSourcesBuildPhase section */
		7979FDD228AE4D5F00D2F34E /* Sources */ = {
			isa = PBXSourcesBuildPhase;
			buildActionMask = 2147483647;
			files = (
				7979FDDE28AE4D5F00D2F34E /* CarouseCollectionTableViewController.swift in Sources */,
				7979FE0E28AFBB9000D2F34E /* TileCollectionViewCell.swift in Sources */,
				7979FDDA28AE4D5F00D2F34E /* AppDelegate.swift in Sources */,
				7979FDDC28AE4D5F00D2F34E /* SceneDelegate.swift in Sources */,
				7979FE0C28AE4EB700D2F34E /* CollectionTableViewCell.swift in Sources */,
			);
			runOnlyForDeploymentPostprocessing = 0;
		};
		7979FDE828AE4D6100D2F34E /* Sources */ = {
			isa = PBXSourcesBuildPhase;
			buildActionMask = 2147483647;
			files = (
				7979FDF128AE4D6100D2F34E /* CollectionTableViewTests.swift in Sources */,
			);
			runOnlyForDeploymentPostprocessing = 0;
		};
		7979FDF228AE4D6100D2F34E /* Sources */ = {
			isa = PBXSourcesBuildPhase;
			buildActionMask = 2147483647;
			files = (
				7979FDFD28AE4D6100D2F34E /* CollectionTableViewUITestsLaunchTests.swift in Sources */,
				7979FDFB28AE4D6100D2F34E /* CollectionTableViewUITests.swift in Sources */,
			);
			runOnlyForDeploymentPostprocessing = 0;
		};
/* End PBXSourcesBuildPhase section */

/* Begin PBXTargetDependency section */
		7979FDEE28AE4D6100D2F34E /* PBXTargetDependency */ = {
			isa = PBXTargetDependency;
			target = 7979FDD528AE4D5F00D2F34E /* CollectionTableView */;
			targetProxy = 7979FDED28AE4D6100D2F34E /* PBXContainerItemProxy */;
		};
		7979FDF828AE4D6100D2F34E /* PBXTargetDependency */ = {
			isa = PBXTargetDependency;
			target = 7979FDD528AE4D5F00D2F34E /* CollectionTableView */;
			targetProxy = 7979FDF728AE4D6100D2F34E /* PBXContainerItemProxy */;
		};
/* End PBXTargetDependency section */

/* Begin PBXVariantGroup section */
		7979FDDF28AE4D5F00D2F34E /* Main.storyboard */ = {
			isa = PBXVariantGroup;
			children = (
				7979FDE028AE4D5F00D2F34E /* Base */,
			);
			name = Main.storyboard;
			sourceTree = "<group>";
		};
		7979FDE428AE4D6100D2F34E /* LaunchScreen.storyboard */ = {
			isa = PBXVariantGroup;
			children = (
				7979FDE528AE4D6100D2F34E /* Base */,
			);
			name = LaunchScreen.storyboard;
			sourceTree = "<group>";
		};
/* End PBXVariantGroup section */

/* Begin XCBuildConfiguration section */
		7979FDFE28AE4D6100D2F34E /* Debug */ = {
			isa = XCBuildConfiguration;
			buildSettings = {
				ALWAYS_SEARCH_USER_PATHS = NO;
				CLANG_ANALYZER_NONNULL = YES;
				CLANG_ANALYZER_NUMBER_OBJECT_CONVERSION = YES_AGGRESSIVE;
				CLANG_CXX_LANGUAGE_STANDARD = "gnu++17";
				CLANG_ENABLE_MODULES = YES;
				CLANG_ENABLE_OBJC_ARC = YES;
				CLANG_ENABLE_OBJC_WEAK = YES;
				CLANG_WARN_BLOCK_CAPTURE_AUTORELEASING = YES;
				CLANG_WARN_BOOL_CONVERSION = YES;
				CLANG_WARN_COMMA = YES;
				CLANG_WARN_CONSTANT_CONVERSION = YES;
				CLANG_WARN_DEPRECATED_OBJC_IMPLEMENTATIONS = YES;
				CLANG_WARN_DIRECT_OBJC_ISA_USAGE = YES_ERROR;
				CLANG_WARN_DOCUMENTATION_COMMENTS = YES;
				CLANG_WARN_EMPTY_BODY = YES;
				CLANG_WARN_ENUM_CONVERSION = YES;
				CLANG_WARN_INFINITE_RECURSION = YES;
				CLANG_WARN_INT_CONVERSION = YES;
				CLANG_WARN_NON_LITERAL_NULL_CONVERSION = YES;
				CLANG_WARN_OBJC_IMPLICIT_RETAIN_SELF = YES;
				CLANG_WARN_OBJC_LITERAL_CONVERSION = YES;
				CLANG_WARN_OBJC_ROOT_CLASS = YES_ERROR;
				CLANG_WARN_QUOTED_INCLUDE_IN_FRAMEWORK_HEADER = YES;
				CLANG_WARN_RANGE_LOOP_ANALYSIS = YES;
				CLANG_WARN_STRICT_PROTOTYPES = YES;
				CLANG_WARN_SUSPICIOUS_MOVE = YES;
				CLANG_WARN_UNGUARDED_AVAILABILITY = YES_AGGRESSIVE;
				CLANG_WARN_UNREACHABLE_CODE = YES;
				CLANG_WARN__DUPLICATE_METHOD_MATCH = YES;
				COPY_PHASE_STRIP = NO;
				DEBUG_INFORMATION_FORMAT = dwarf;
				ENABLE_STRICT_OBJC_MSGSEND = YES;
				ENABLE_TESTABILITY = YES;
				GCC_C_LANGUAGE_STANDARD = gnu11;
				GCC_DYNAMIC_NO_PIC = NO;
				GCC_NO_COMMON_BLOCKS = YES;
				GCC_OPTIMIZATION_LEVEL = 0;
				GCC_PREPROCESSOR_DEFINITIONS = (
					"DEBUG=1",
					"$(inherited)",
				);
				GCC_WARN_64_TO_32_BIT_CONVERSION = YES;
				GCC_WARN_ABOUT_RETURN_TYPE = YES_ERROR;
				GCC_WARN_UNDECLARED_SELECTOR = YES;
				GCC_WARN_UNINITIALIZED_AUTOS = YES_AGGRESSIVE;
				GCC_WARN_UNUSED_FUNCTION = YES;
				GCC_WARN_UNUSED_VARIABLE = YES;
				IPHONEOS_DEPLOYMENT_TARGET = 15.4;
				MTL_ENABLE_DEBUG_INFO = INCLUDE_SOURCE;
				MTL_FAST_MATH = YES;
				ONLY_ACTIVE_ARCH = YES;
				SDKROOT = iphoneos;
				SWIFT_ACTIVE_COMPILATION_CONDITIONS = DEBUG;
				SWIFT_OPTIMIZATION_LEVEL = "-Onone";
			};
			name = Debug;
		};
		7979FDFF28AE4D6100D2F34E /* Release */ = {
			isa = XCBuildConfiguration;
			buildSettings = {
				ALWAYS_SEARCH_USER_PATHS = NO;
				CLANG_ANALYZER_NONNULL = YES;
				CLANG_ANALYZER_NUMBER_OBJECT_CONVERSION = YES_AGGRESSIVE;
				CLANG_CXX_LANGUAGE_STANDARD = "gnu++17";
				CLANG_ENABLE_MODULES = YES;
				CLANG_ENABLE_OBJC_ARC = YES;
				CLANG_ENABLE_OBJC_WEAK = YES;
				CLANG_WARN_BLOCK_CAPTURE_AUTORELEASING = YES;
				CLANG_WARN_BOOL_CONVERSION = YES;
				CLANG_WARN_COMMA = YES;
				CLANG_WARN_CONSTANT_CONVERSION = YES;
				CLANG_WARN_DEPRECATED_OBJC_IMPLEMENTATIONS = YES;
				CLANG_WARN_DIRECT_OBJC_ISA_USAGE = YES_ERROR;
				CLANG_WARN_DOCUMENTATION_COMMENTS = YES;
				CLANG_WARN_EMPTY_BODY = YES;
				CLANG_WARN_ENUM_CONVERSION = YES;
				CLANG_WARN_INFINITE_RECURSION = YES;
				CLANG_WARN_INT_CONVERSION = YES;
				CLANG_WARN_NON_LITERAL_NULL_CONVERSION = YES;
				CLANG_WARN_OBJC_IMPLICIT_RETAIN_SELF = YES;
				CLANG_WARN_OBJC_LITERAL_CONVERSION = YES;
				CLANG_WARN_OBJC_ROOT_CLASS = YES_ERROR;
				CLANG_WARN_QUOTED_INCLUDE_IN_FRAMEWORK_HEADER = YES;
				CLANG_WARN_RANGE_LOOP_ANALYSIS = YES;
				CLANG_WARN_STRICT_PROTOTYPES = YES;
				CLANG_WARN_SUSPICIOUS_MOVE = YES;
				CLANG_WARN_UNGUARDED_AVAILABILITY = YES_AGGRESSIVE;
				CLANG_WARN_UNREACHABLE_CODE = YES;
				CLANG_WARN__DUPLICATE_METHOD_MATCH = YES;
				COPY_PHASE_STRIP = NO;
				DEBUG_INFORMATION_FORMAT = "dwarf-with-dsym";
				ENABLE_NS_ASSERTIONS = NO;
				ENABLE_STRICT_OBJC_MSGSEND = YES;
				GCC_C_LANGUAGE_STANDARD = gnu11;
				GCC_NO_COMMON_BLOCKS = YES;
				GCC_WARN_64_TO_32_BIT_CONVERSION = YES;
				GCC_WARN_ABOUT_RETURN_TYPE = YES_ERROR;
				GCC_WARN_UNDECLARED_SELECTOR = YES;
				GCC_WARN_UNINITIALIZED_AUTOS = YES_AGGRESSIVE;
				GCC_WARN_UNUSED_FUNCTION = YES;
				GCC_WARN_UNUSED_VARIABLE = YES;
				IPHONEOS_DEPLOYMENT_TARGET = 15.4;
				MTL_ENABLE_DEBUG_INFO = NO;
				MTL_FAST_MATH = YES;
				SDKROOT = iphoneos;
				SWIFT_COMPILATION_MODE = wholemodule;
				SWIFT_OPTIMIZATION_LEVEL = "-O";
				VALIDATE_PRODUCT = YES;
			};
			name = Release;
		};
		7979FE0128AE4D6100D2F34E /* Debug */ = {
			isa = XCBuildConfiguration;
			buildSettings = {
				ASSETCATALOG_COMPILER_APPICON_NAME = AppIcon;
				ASSETCATALOG_COMPILER_GLOBAL_ACCENT_COLOR_NAME = AccentColor;
				CODE_SIGN_STYLE = Automatic;
				CURRENT_PROJECT_VERSION = 1;
				DEVELOPMENT_TEAM = 9487SKDZZB;
				GENERATE_INFOPLIST_FILE = YES;
				INFOPLIST_FILE = CollectionTableView/Info.plist;
				INFOPLIST_KEY_UIApplicationSupportsIndirectInputEvents = YES;
				INFOPLIST_KEY_UILaunchStoryboardName = LaunchScreen;
				INFOPLIST_KEY_UIMainStoryboardFile = Main;
				INFOPLIST_KEY_UISupportedInterfaceOrientations_iPad = "UIInterfaceOrientationPortrait UIInterfaceOrientationPortraitUpsideDown UIInterfaceOrientationLandscapeLeft UIInterfaceOrientationLandscapeRight";
				INFOPLIST_KEY_UISupportedInterfaceOrientations_iPhone = "UIInterfaceOrientationPortrait UIInterfaceOrientationLandscapeLeft UIInterfaceOrientationLandscapeRight";
				LD_RUNPATH_SEARCH_PATHS = (
					"$(inherited)",
					"@executable_path/Frameworks",
				);
				MARKETING_VERSION = 1.0;
				PRODUCT_BUNDLE_IDENTIFIER = "Junseo-Park.CollectionTableView";
				PRODUCT_NAME = "$(TARGET_NAME)";
				SWIFT_EMIT_LOC_STRINGS = YES;
				SWIFT_VERSION = 5.0;
				TARGETED_DEVICE_FAMILY = "1,2";
			};
			name = Debug;
		};
		7979FE0228AE4D6100D2F34E /* Release */ = {
			isa = XCBuildConfiguration;
			buildSettings = {
				ASSETCATALOG_COMPILER_APPICON_NAME = AppIcon;
				ASSETCATALOG_COMPILER_GLOBAL_ACCENT_COLOR_NAME = AccentColor;
				CODE_SIGN_STYLE = Automatic;
				CURRENT_PROJECT_VERSION = 1;
				DEVELOPMENT_TEAM = 9487SKDZZB;
				GENERATE_INFOPLIST_FILE = YES;
				INFOPLIST_FILE = CollectionTableView/Info.plist;
				INFOPLIST_KEY_UIApplicationSupportsIndirectInputEvents = YES;
				INFOPLIST_KEY_UILaunchStoryboardName = LaunchScreen;
				INFOPLIST_KEY_UIMainStoryboardFile = Main;
				INFOPLIST_KEY_UISupportedInterfaceOrientations_iPad = "UIInterfaceOrientationPortrait UIInterfaceOrientationPortraitUpsideDown UIInterfaceOrientationLandscapeLeft UIInterfaceOrientationLandscapeRight";
				INFOPLIST_KEY_UISupportedInterfaceOrientations_iPhone = "UIInterfaceOrientationPortrait UIInterfaceOrientationLandscapeLeft UIInterfaceOrientationLandscapeRight";
				LD_RUNPATH_SEARCH_PATHS = (
					"$(inherited)",
					"@executable_path/Frameworks",
				);
				MARKETING_VERSION = 1.0;
				PRODUCT_BUNDLE_IDENTIFIER = "Junseo-Park.CollectionTableView";
				PRODUCT_NAME = "$(TARGET_NAME)";
				SWIFT_EMIT_LOC_STRINGS = YES;
				SWIFT_VERSION = 5.0;
				TARGETED_DEVICE_FAMILY = "1,2";
			};
			name = Release;
		};
		7979FE0428AE4D6100D2F34E /* Debug */ = {
			isa = XCBuildConfiguration;
			buildSettings = {
				ALWAYS_EMBED_SWIFT_STANDARD_LIBRARIES = YES;
				BUNDLE_LOADER = "$(TEST_HOST)";
				CODE_SIGN_STYLE = Automatic;
				CURRENT_PROJECT_VERSION = 1;
				DEVELOPMENT_TEAM = 9487SKDZZB;
				GENERATE_INFOPLIST_FILE = YES;
				IPHONEOS_DEPLOYMENT_TARGET = 15.4;
				MARKETING_VERSION = 1.0;
				PRODUCT_BUNDLE_IDENTIFIER = "Junseo-Park.CollectionTableViewTests";
				PRODUCT_NAME = "$(TARGET_NAME)";
				SWIFT_EMIT_LOC_STRINGS = NO;
				SWIFT_VERSION = 5.0;
				TARGETED_DEVICE_FAMILY = "1,2";
				TEST_HOST = "$(BUILT_PRODUCTS_DIR)/CollectionTableView.app/CollectionTableView";
			};
			name = Debug;
		};
		7979FE0528AE4D6100D2F34E /* Release */ = {
			isa = XCBuildConfiguration;
			buildSettings = {
				ALWAYS_EMBED_SWIFT_STANDARD_LIBRARIES = YES;
				BUNDLE_LOADER = "$(TEST_HOST)";
				CODE_SIGN_STYLE = Automatic;
				CURRENT_PROJECT_VERSION = 1;
				DEVELOPMENT_TEAM = 9487SKDZZB;
				GENERATE_INFOPLIST_FILE = YES;
				IPHONEOS_DEPLOYMENT_TARGET = 15.4;
				MARKETING_VERSION = 1.0;
				PRODUCT_BUNDLE_IDENTIFIER = "Junseo-Park.CollectionTableViewTests";
				PRODUCT_NAME = "$(TARGET_NAME)";
				SWIFT_EMIT_LOC_STRINGS = NO;
				SWIFT_VERSION = 5.0;
				TARGETED_DEVICE_FAMILY = "1,2";
				TEST_HOST = "$(BUILT_PRODUCTS_DIR)/CollectionTableView.app/CollectionTableView";
			};
			name = Release;
		};
		7979FE0728AE4D6100D2F34E /* Debug */ = {
			isa = XCBuildConfiguration;
			buildSettings = {
				ALWAYS_EMBED_SWIFT_STANDARD_LIBRARIES = YES;
				CODE_SIGN_STYLE = Automatic;
				CURRENT_PROJECT_VERSION = 1;
				DEVELOPMENT_TEAM = 9487SKDZZB;
				GENERATE_INFOPLIST_FILE = YES;
				MARKETING_VERSION = 1.0;
				PRODUCT_BUNDLE_IDENTIFIER = "Junseo-Park.CollectionTableViewUITests";
				PRODUCT_NAME = "$(TARGET_NAME)";
				SWIFT_EMIT_LOC_STRINGS = NO;
				SWIFT_VERSION = 5.0;
				TARGETED_DEVICE_FAMILY = "1,2";
				TEST_TARGET_NAME = CollectionTableView;
			};
			name = Debug;
		};
		7979FE0828AE4D6100D2F34E /* Release */ = {
			isa = XCBuildConfiguration;
			buildSettings = {
				ALWAYS_EMBED_SWIFT_STANDARD_LIBRARIES = YES;
				CODE_SIGN_STYLE = Automatic;
				CURRENT_PROJECT_VERSION = 1;
				DEVELOPMENT_TEAM = 9487SKDZZB;
				GENERATE_INFOPLIST_FILE = YES;
				MARKETING_VERSION = 1.0;
				PRODUCT_BUNDLE_IDENTIFIER = "Junseo-Park.CollectionTableViewUITests";
				PRODUCT_NAME = "$(TARGET_NAME)";
				SWIFT_EMIT_LOC_STRINGS = NO;
				SWIFT_VERSION = 5.0;
				TARGETED_DEVICE_FAMILY = "1,2";
				TEST_TARGET_NAME = CollectionTableView;
			};
			name = Release;
		};
/* End XCBuildConfiguration section */

/* Begin XCConfigurationList section */
		7979FDD128AE4D5F00D2F34E /* Build configuration list for PBXProject "CollectionTableView" */ = {
			isa = XCConfigurationList;
			buildConfigurations = (
				7979FDFE28AE4D6100D2F34E /* Debug */,
				7979FDFF28AE4D6100D2F34E /* Release */,
			);
			defaultConfigurationIsVisible = 0;
			defaultConfigurationName = Release;
		};
		7979FE0028AE4D6100D2F34E /* Build configuration list for PBXNativeTarget "CollectionTableView" */ = {
			isa = XCConfigurationList;
			buildConfigurations = (
				7979FE0128AE4D6100D2F34E /* Debug */,
				7979FE0228AE4D6100D2F34E /* Release */,
			);
			defaultConfigurationIsVisible = 0;
			defaultConfigurationName = Release;
		};
		7979FE0328AE4D6100D2F34E /* Build configuration list for PBXNativeTarget "CollectionTableViewTests" */ = {
			isa = XCConfigurationList;
			buildConfigurations = (
				7979FE0428AE4D6100D2F34E /* Debug */,
				7979FE0528AE4D6100D2F34E /* Release */,
			);
			defaultConfigurationIsVisible = 0;
			defaultConfigurationName = Release;
		};
		7979FE0628AE4D6100D2F34E /* Build configuration list for PBXNativeTarget "CollectionTableViewUITests" */ = {
			isa = XCConfigurationList;
			buildConfigurations = (
				7979FE0728AE4D6100D2F34E /* Debug */,
				7979FE0828AE4D6100D2F34E /* Release */,
			);
			defaultConfigurationIsVisible = 0;
			defaultConfigurationName = Release;
		};
/* End XCConfigurationList section */
	};
	rootObject = 7979FDCE28AE4D5F00D2F34E /* Project object */;
}
