// !$*UTF8*$!
{
	archiveVersion = 1;
	classes = {
	};
	objectVersion = 55;
	objects = {

/* Begin PBXBuildFile section */
		7979FD9E28AE27C400D2F34E /* AppDelegate.swift in Sources */ = {isa = PBXBuildFile; fileRef = 7979FD9D28AE27C400D2F34E /* AppDelegate.swift */; };
		7979FDA028AE27C400D2F34E /* SceneDelegate.swift in Sources */ = {isa = PBXBuildFile; fileRef = 7979FD9F28AE27C400D2F34E /* SceneDelegate.swift */; };
		7979FDA228AE27C400D2F34E /* ViewController.swift in Sources */ = {isa = PBXBuildFile; fileRef = 7979FDA128AE27C400D2F34E /* ViewController.swift */; };
		7979FDA528AE27C400D2F34E /* Main.storyboard in Resources */ = {isa = PBXBuildFile; fileRef = 7979FDA328AE27C400D2F34E /* Main.storyboard */; };
		7979FDA728AE27C600D2F34E /* Assets.xcassets in Resources */ = {isa = PBXBuildFile; fileRef = 7979FDA628AE27C600D2F34E /* Assets.xcassets */; };
		7979FDAA28AE27C600D2F34E /* LaunchScreen.storyboard in Resources */ = {isa = PBXBuildFile; fileRef = 7979FDA828AE27C600D2F34E /* LaunchScreen.storyboard */; };
		7979FDB528AE27C600D2F34E /* TableViewTests.swift in Sources */ = {isa = PBXBuildFile; fileRef = 7979FDB428AE27C600D2F34E /* TableViewTests.swift */; };
		7979FDBF28AE27C600D2F34E /* TableViewUITests.swift in Sources */ = {isa = PBXBuildFile; fileRef = 7979FDBE28AE27C600D2F34E /* TableViewUITests.swift */; };
		7979FDC128AE27C600D2F34E /* TableViewUITestsLaunchTests.swift in Sources */ = {isa = PBXBuildFile; fileRef = 7979FDC028AE27C600D2F34E /* TableViewUITestsLaunchTests.swift */; };
/* End PBXBuildFile section */

/* Begin PBXContainerItemProxy section */
		7979FDB128AE27C600D2F34E /* PBXContainerItemProxy */ = {
			isa = PBXContainerItemProxy;
			containerPortal = 7979FD9228AE27C400D2F34E /* Project object */;
			proxyType = 1;
			remoteGlobalIDString = 7979FD9928AE27C400D2F34E;
			remoteInfo = TableView;
		};
		7979FDBB28AE27C600D2F34E /* PBXContainerItemProxy */ = {
			isa = PBXContainerItemProxy;
			containerPortal = 7979FD9228AE27C400D2F34E /* Project object */;
			proxyType = 1;
			remoteGlobalIDString = 7979FD9928AE27C400D2F34E;
			remoteInfo = TableView;
		};
/* End PBXContainerItemProxy section */

/* Begin PBXFileReference section */
		7979FD9A28AE27C400D2F34E /* TableView.app */ = {isa = PBXFileReference; explicitFileType = wrapper.application; includeInIndex = 0; path = TableView.app; sourceTree = BUILT_PRODUCTS_DIR; };
		7979FD9D28AE27C400D2F34E /* AppDelegate.swift */ = {isa = PBXFileReference; lastKnownFileType = sourcecode.swift; path = AppDelegate.swift; sourceTree = "<group>"; };
		7979FD9F28AE27C400D2F34E /* SceneDelegate.swift */ = {isa = PBXFileReference; lastKnownFileType = sourcecode.swift; path = SceneDelegate.swift; sourceTree = "<group>"; };
		7979FDA128AE27C400D2F34E /* ViewController.swift */ = {isa = PBXFileReference; lastKnownFileType = sourcecode.swift; path = ViewController.swift; sourceTree = "<group>"; };
		7979FDA428AE27C400D2F34E /* Base */ = {isa = PBXFileReference; lastKnownFileType = file.storyboard; name = Base; path = Base.lproj/Main.storyboard; sourceTree = "<group>"; };
		7979FDA628AE27C600D2F34E /* Assets.xcassets */ = {isa = PBXFileReference; lastKnownFileType = folder.assetcatalog; path = Assets.xcassets; sourceTree = "<group>"; };
		7979FDA928AE27C600D2F34E /* Base */ = {isa = PBXFileReference; lastKnownFileType = file.storyboard; name = Base; path = Base.lproj/LaunchScreen.storyboard; sourceTree = "<group>"; };
		7979FDAB28AE27C600D2F34E /* Info.plist */ = {isa = PBXFileReference; lastKnownFileType = text.plist.xml; path = Info.plist; sourceTree = "<group>"; };
		7979FDB028AE27C600D2F34E /* TableViewTests.xctest */ = {isa = PBXFileReference; explicitFileType = wrapper.cfbundle; includeInIndex = 0; path = TableViewTests.xctest; sourceTree = BUILT_PRODUCTS_DIR; };
		7979FDB428AE27C600D2F34E /* TableViewTests.swift */ = {isa = PBXFileReference; lastKnownFileType = sourcecode.swift; path = TableViewTests.swift; sourceTree = "<group>"; };
		7979FDBA28AE27C600D2F34E /* TableViewUITests.xctest */ = {isa = PBXFileReference; explicitFileType = wrapper.cfbundle; includeInIndex = 0; path = TableViewUITests.xctest; sourceTree = BUILT_PRODUCTS_DIR; };
		7979FDBE28AE27C600D2F34E /* TableViewUITests.swift */ = {isa = PBXFileReference; lastKnownFileType = sourcecode.swift; path = TableViewUITests.swift; sourceTree = "<group>"; };
		7979FDC028AE27C600D2F34E /* TableViewUITestsLaunchTests.swift */ = {isa = PBXFileReference; lastKnownFileType = sourcecode.swift; path = TableViewUITestsLaunchTests.swift; sourceTree = "<group>"; };
/* End PBXFileReference section */

/* Begin PBXFrameworksBuildPhase section */
		7979FD9728AE27C400D2F34E /* Frameworks */ = {
			isa = PBXFrameworksBuildPhase;
			buildActionMask = 2147483647;
			files = (
			);
			runOnlyForDeploymentPostprocessing = 0;
		};
		7979FDAD28AE27C600D2F34E /* Frameworks */ = {
			isa = PBXFrameworksBuildPhase;
			buildActionMask = 2147483647;
			files = (
			);
			runOnlyForDeploymentPostprocessing = 0;
		};
		7979FDB728AE27C600D2F34E /* Frameworks */ = {
			isa = PBXFrameworksBuildPhase;
			buildActionMask = 2147483647;
			files = (
			);
			runOnlyForDeploymentPostprocessing = 0;
		};
/* End PBXFrameworksBuildPhase section */

/* Begin PBXGroup section */
		7979FD9128AE27C400D2F34E = {
			isa = PBXGroup;
			children = (
				7979FD9C28AE27C400D2F34E /* TableView */,
				7979FDB328AE27C600D2F34E /* TableViewTests */,
				7979FDBD28AE27C600D2F34E /* TableViewUITests */,
				7979FD9B28AE27C400D2F34E /* Products */,
			);
			sourceTree = "<group>";
		};
		7979FD9B28AE27C400D2F34E /* Products */ = {
			isa = PBXGroup;
			children = (
				7979FD9A28AE27C400D2F34E /* TableView.app */,
				7979FDB028AE27C600D2F34E /* TableViewTests.xctest */,
				7979FDBA28AE27C600D2F34E /* TableViewUITests.xctest */,
			);
			name = Products;
			sourceTree = "<group>";
		};
		7979FD9C28AE27C400D2F34E /* TableView */ = {
			isa = PBXGroup;
			children = (
				7979FD9D28AE27C400D2F34E /* AppDelegate.swift */,
				7979FD9F28AE27C400D2F34E /* SceneDelegate.swift */,
				7979FDA128AE27C400D2F34E /* ViewController.swift */,
				7979FDA328AE27C400D2F34E /* Main.storyboard */,
				7979FDA628AE27C600D2F34E /* Assets.xcassets */,
				7979FDA828AE27C600D2F34E /* LaunchScreen.storyboard */,
				7979FDAB28AE27C600D2F34E /* Info.plist */,
			);
			path = TableView;
			sourceTree = "<group>";
		};
		7979FDB328AE27C600D2F34E /* TableViewTests */ = {
			isa = PBXGroup;
			children = (
				7979FDB428AE27C600D2F34E /* TableViewTests.swift */,
			);
			path = TableViewTests;
			sourceTree = "<group>";
		};
		7979FDBD28AE27C600D2F34E /* TableViewUITests */ = {
			isa = PBXGroup;
			children = (
				7979FDBE28AE27C600D2F34E /* TableViewUITests.swift */,
				7979FDC028AE27C600D2F34E /* TableViewUITestsLaunchTests.swift */,
			);
			path = TableViewUITests;
			sourceTree = "<group>";
		};
/* End PBXGroup section */

/* Begin PBXNativeTarget section */
		7979FD9928AE27C400D2F34E /* TableView */ = {
			isa = PBXNativeTarget;
			buildConfigurationList = 7979FDC428AE27C600D2F34E /* Build configuration list for PBXNativeTarget "TableView" */;
			buildPhases = (
				7979FD9628AE27C400D2F34E /* Sources */,
				7979FD9728AE27C400D2F34E /* Frameworks */,
				7979FD9828AE27C400D2F34E /* Resources */,
			);
			buildRules = (
			);
			dependencies = (
			);
			name = TableView;
			productName = TableView;
			productReference = 7979FD9A28AE27C400D2F34E /* TableView.app */;
			productType = "com.apple.product-type.application";
		};
		7979FDAF28AE27C600D2F34E /* TableViewTests */ = {
			isa = PBXNativeTarget;
			buildConfigurationList = 7979FDC728AE27C600D2F34E /* Build configuration list for PBXNativeTarget "TableViewTests" */;
			buildPhases = (
				7979FDAC28AE27C600D2F34E /* Sources */,
				7979FDAD28AE27C600D2F34E /* Frameworks */,
				7979FDAE28AE27C600D2F34E /* Resources */,
			);
			buildRules = (
			);
			dependencies = (
				7979FDB228AE27C600D2F34E /* PBXTargetDependency */,
			);
			name = TableViewTests;
			productName = TableViewTests;
			productReference = 7979FDB028AE27C600D2F34E /* TableViewTests.xctest */;
			productType = "com.apple.product-type.bundle.unit-test";
		};
		7979FDB928AE27C600D2F34E /* TableViewUITests */ = {
			isa = PBXNativeTarget;
			buildConfigurationList = 7979FDCA28AE27C600D2F34E /* Build configuration list for PBXNativeTarget "TableViewUITests" */;
			buildPhases = (
				7979FDB628AE27C600D2F34E /* Sources */,
				7979FDB728AE27C600D2F34E /* Frameworks */,
				7979FDB828AE27C600D2F34E /* Resources */,
			);
			buildRules = (
			);
			dependencies = (
				7979FDBC28AE27C600D2F34E /* PBXTargetDependency */,
			);
			name = TableViewUITests;
			productName = TableViewUITests;
			productReference = 7979FDBA28AE27C600D2F34E /* TableViewUITests.xctest */;
			productType = "com.apple.product-type.bundle.ui-testing";
		};
/* End PBXNativeTarget section */

/* Begin PBXProject section */
		7979FD9228AE27C400D2F34E /* Project object */ = {
			isa = PBXProject;
			attributes = {
				BuildIndependentTargetsInParallel = 1;
				LastSwiftUpdateCheck = 1330;
				LastUpgradeCheck = 1330;
				TargetAttributes = {
					7979FD9928AE27C400D2F34E = {
						CreatedOnToolsVersion = 13.3;
					};
					7979FDAF28AE27C600D2F34E = {
						CreatedOnToolsVersion = 13.3;
						TestTargetID = 7979FD9928AE27C400D2F34E;
					};
					7979FDB928AE27C600D2F34E = {
						CreatedOnToolsVersion = 13.3;
						TestTargetID = 7979FD9928AE27C400D2F34E;
					};
				};
			};
			buildConfigurationList = 7979FD9528AE27C400D2F34E /* Build configuration list for PBXProject "TableView" */;
			compatibilityVersion = "Xcode 13.0";
			developmentRegion = en;
			hasScannedForEncodings = 0;
			knownRegions = (
				en,
				Base,
			);
			mainGroup = 7979FD9128AE27C400D2F34E;
			productRefGroup = 7979FD9B28AE27C400D2F34E /* Products */;
			projectDirPath = "";
			projectRoot = "";
			targets = (
				7979FD9928AE27C400D2F34E /* TableView */,
				7979FDAF28AE27C600D2F34E /* TableViewTests */,
				7979FDB928AE27C600D2F34E /* TableViewUITests */,
			);
		};
/* End PBXProject section */

/* Begin PBXResourcesBuildPhase section */
		7979FD9828AE27C400D2F34E /* Resources */ = {
			isa = PBXResourcesBuildPhase;
			buildActionMask = 2147483647;
			files = (
				7979FDAA28AE27C600D2F34E /* LaunchScreen.storyboard in Resources */,
				7979FDA728AE27C600D2F34E /* Assets.xcassets in Resources */,
				7979FDA528AE27C400D2F34E /* Main.storyboard in Resources */,
			);
			runOnlyForDeploymentPostprocessing = 0;
		};
		7979FDAE28AE27C600D2F34E /* Resources */ = {
			isa = PBXResourcesBuildPhase;
			buildActionMask = 2147483647;
			files = (
			);
			runOnlyForDeploymentPostprocessing = 0;
		};
		7979FDB828AE27C600D2F34E /* Resources */ = {
			isa = PBXResourcesBuildPhase;
			buildActionMask = 2147483647;
			files = (
			);
			runOnlyForDeploymentPostprocessing = 0;
		};
/* End PBXResourcesBuildPhase section */

/* Begin PBXSourcesBuildPhase section */
		7979FD9628AE27C400D2F34E /* Sources */ = {
			isa = PBXSourcesBuildPhase;
			buildActionMask = 2147483647;
			files = (
				7979FDA228AE27C400D2F34E /* ViewController.swift in Sources */,
				7979FD9E28AE27C400D2F34E /* AppDelegate.swift in Sources */,
				7979FDA028AE27C400D2F34E /* SceneDelegate.swift in Sources */,
			);
			runOnlyForDeploymentPostprocessing = 0;
		};
		7979FDAC28AE27C600D2F34E /* Sources */ = {
			isa = PBXSourcesBuildPhase;
			buildActionMask = 2147483647;
			files = (
				7979FDB528AE27C600D2F34E /* TableViewTests.swift in Sources */,
			);
			runOnlyForDeploymentPostprocessing = 0;
		};
		7979FDB628AE27C600D2F34E /* Sources */ = {
			isa = PBXSourcesBuildPhase;
			buildActionMask = 2147483647;
			files = (
				7979FDC128AE27C600D2F34E /* TableViewUITestsLaunchTests.swift in Sources */,
				7979FDBF28AE27C600D2F34E /* TableViewUITests.swift in Sources */,
			);
			runOnlyForDeploymentPostprocessing = 0;
		};
/* End PBXSourcesBuildPhase section */

/* Begin PBXTargetDependency section */
		7979FDB228AE27C600D2F34E /* PBXTargetDependency */ = {
			isa = PBXTargetDependency;
			target = 7979FD9928AE27C400D2F34E /* TableView */;
			targetProxy = 7979FDB128AE27C600D2F34E /* PBXContainerItemProxy */;
		};
		7979FDBC28AE27C600D2F34E /* PBXTargetDependency */ = {
			isa = PBXTargetDependency;
			target = 7979FD9928AE27C400D2F34E /* TableView */;
			targetProxy = 7979FDBB28AE27C600D2F34E /* PBXContainerItemProxy */;
		};
/* End PBXTargetDependency section */

/* Begin PBXVariantGroup section */
		7979FDA328AE27C400D2F34E /* Main.storyboard */ = {
			isa = PBXVariantGroup;
			children = (
				7979FDA428AE27C400D2F34E /* Base */,
			);
			name = Main.storyboard;
			sourceTree = "<group>";
		};
		7979FDA828AE27C600D2F34E /* LaunchScreen.storyboard */ = {
			isa = PBXVariantGroup;
			children = (
				7979FDA928AE27C600D2F34E /* Base */,
			);
			name = LaunchScreen.storyboard;
			sourceTree = "<group>";
		};
/* End PBXVariantGroup section */

/* Begin XCBuildConfiguration section */
		7979FDC228AE27C600D2F34E /* Debug */ = {
			isa = XCBuildConfiguration;
			buildSettings = {
				ALWAYS_SEARCH_USER_PATHS = NO;
				CLANG_ANALYZER_NONNULL = YES;
				CLANG_ANALYZER_NUMBER_OBJECT_CONVERSION = YES_AGGRESSIVE;
				CLANG_CXX_LANGUAGE_STANDARD = "gnu++17";
				CLANG_ENABLE_MODULES = YES;
				CLANG_ENABLE_OBJC_ARC = YES;
				CLANG_ENABLE_OBJC_WEAK = YES;
				CLANG_WARN_BLOCK_CAPTURE_AUTORELEASING = YES;
				CLANG_WARN_BOOL_CONVERSION = YES;
				CLANG_WARN_COMMA = YES;
				CLANG_WARN_CONSTANT_CONVERSION = YES;
				CLANG_WARN_DEPRECATED_OBJC_IMPLEMENTATIONS = YES;
				CLANG_WARN_DIRECT_OBJC_ISA_USAGE = YES_ERROR;
				CLANG_WARN_DOCUMENTATION_COMMENTS = YES;
				CLANG_WARN_EMPTY_BODY = YES;
				CLANG_WARN_ENUM_CONVERSION = YES;
				CLANG_WARN_INFINITE_RECURSION = YES;
				CLANG_WARN_INT_CONVERSION = YES;
				CLANG_WARN_NON_LITERAL_NULL_CONVERSION = YES;
				CLANG_WARN_OBJC_IMPLICIT_RETAIN_SELF = YES;
				CLANG_WARN_OBJC_LITERAL_CONVERSION = YES;
				CLANG_WARN_OBJC_ROOT_CLASS = YES_ERROR;
				CLANG_WARN_QUOTED_INCLUDE_IN_FRAMEWORK_HEADER = YES;
				CLANG_WARN_RANGE_LOOP_ANALYSIS = YES;
				CLANG_WARN_STRICT_PROTOTYPES = YES;
				CLANG_WARN_SUSPICIOUS_MOVE = YES;
				CLANG_WARN_UNGUARDED_AVAILABILITY = YES_AGGRESSIVE;
				CLANG_WARN_UNREACHABLE_CODE = YES;
				CLANG_WARN__DUPLICATE_METHOD_MATCH = YES;
				COPY_PHASE_STRIP = NO;
				DEBUG_INFORMATION_FORMAT = dwarf;
				ENABLE_STRICT_OBJC_MSGSEND = YES;
				ENABLE_TESTABILITY = YES;
				GCC_C_LANGUAGE_STANDARD = gnu11;
				GCC_DYNAMIC_NO_PIC = NO;
				GCC_NO_COMMON_BLOCKS = YES;
				GCC_OPTIMIZATION_LEVEL = 0;
				GCC_PREPROCESSOR_DEFINITIONS = (
					"DEBUG=1",
					"$(inherited)",
				);
				GCC_WARN_64_TO_32_BIT_CONVERSION = YES;
				GCC_WARN_ABOUT_RETURN_TYPE = YES_ERROR;
				GCC_WARN_UNDECLARED_SELECTOR = YES;
				GCC_WARN_UNINITIALIZED_AUTOS = YES_AGGRESSIVE;
				GCC_WARN_UNUSED_FUNCTION = YES;
				GCC_WARN_UNUSED_VARIABLE = YES;
				IPHONEOS_DEPLOYMENT_TARGET = 15.4;
				MTL_ENABLE_DEBUG_INFO = INCLUDE_SOURCE;
				MTL_FAST_MATH = YES;
				ONLY_ACTIVE_ARCH = YES;
				SDKROOT = iphoneos;
				SWIFT_ACTIVE_COMPILATION_CONDITIONS = DEBUG;
				SWIFT_OPTIMIZATION_LEVEL = "-Onone";
			};
			name = Debug;
		};
		7979FDC328AE27C600D2F34E /* Release */ = {
			isa = XCBuildConfiguration;
			buildSettings = {
				ALWAYS_SEARCH_USER_PATHS = NO;
				CLANG_ANALYZER_NONNULL = YES;
				CLANG_ANALYZER_NUMBER_OBJECT_CONVERSION = YES_AGGRESSIVE;
				CLANG_CXX_LANGUAGE_STANDARD = "gnu++17";
				CLANG_ENABLE_MODULES = YES;
				CLANG_ENABLE_OBJC_ARC = YES;
				CLANG_ENABLE_OBJC_WEAK = YES;
				CLANG_WARN_BLOCK_CAPTURE_AUTORELEASING = YES;
				CLANG_WARN_BOOL_CONVERSION = YES;
				CLANG_WARN_COMMA = YES;
				CLANG_WARN_CONSTANT_CONVERSION = YES;
				CLANG_WARN_DEPRECATED_OBJC_IMPLEMENTATIONS = YES;
				CLANG_WARN_DIRECT_OBJC_ISA_USAGE = YES_ERROR;
				CLANG_WARN_DOCUMENTATION_COMMENTS = YES;
				CLANG_WARN_EMPTY_BODY = YES;
				CLANG_WARN_ENUM_CONVERSION = YES;
				CLANG_WARN_INFINITE_RECURSION = YES;
				CLANG_WARN_INT_CONVERSION = YES;
				CLANG_WARN_NON_LITERAL_NULL_CONVERSION = YES;
				CLANG_WARN_OBJC_IMPLICIT_RETAIN_SELF = YES;
				CLANG_WARN_OBJC_LITERAL_CONVERSION = YES;
				CLANG_WARN_OBJC_ROOT_CLASS = YES_ERROR;
				CLANG_WARN_QUOTED_INCLUDE_IN_FRAMEWORK_HEADER = YES;
				CLANG_WARN_RANGE_LOOP_ANALYSIS = YES;
				CLANG_WARN_STRICT_PROTOTYPES = YES;
				CLANG_WARN_SUSPICIOUS_MOVE = YES;
				CLANG_WARN_UNGUARDED_AVAILABILITY = YES_AGGRESSIVE;
				CLANG_WARN_UNREACHABLE_CODE = YES;
				CLANG_WARN__DUPLICATE_METHOD_MATCH = YES;
				COPY_PHASE_STRIP = NO;
				DEBUG_INFORMATION_FORMAT = "dwarf-with-dsym";
				ENABLE_NS_ASSERTIONS = NO;
				ENABLE_STRICT_OBJC_MSGSEND = YES;
				GCC_C_LANGUAGE_STANDARD = gnu11;
				GCC_NO_COMMON_BLOCKS = YES;
				GCC_WARN_64_TO_32_BIT_CONVERSION = YES;
				GCC_WARN_ABOUT_RETURN_TYPE = YES_ERROR;
				GCC_WARN_UNDECLARED_SELECTOR = YES;
				GCC_WARN_UNINITIALIZED_AUTOS = YES_AGGRESSIVE;
				GCC_WARN_UNUSED_FUNCTION = YES;
				GCC_WARN_UNUSED_VARIABLE = YES;
				IPHONEOS_DEPLOYMENT_TARGET = 15.4;
				MTL_ENABLE_DEBUG_INFO = NO;
				MTL_FAST_MATH = YES;
				SDKROOT = iphoneos;
				SWIFT_COMPILATION_MODE = wholemodule;
				SWIFT_OPTIMIZATION_LEVEL = "-O";
				VALIDATE_PRODUCT = YES;
			};
			name = Release;
		};
		7979FDC528AE27C600D2F34E /* Debug */ = {
			isa = XCBuildConfiguration;
			buildSettings = {
				ASSETCATALOG_COMPILER_APPICON_NAME = AppIcon;
				ASSETCATALOG_COMPILER_GLOBAL_ACCENT_COLOR_NAME = AccentColor;
				CODE_SIGN_STYLE = Automatic;
				CURRENT_PROJECT_VERSION = 1;
				DEVELOPMENT_TEAM = 9487SKDZZB;
				GENERATE_INFOPLIST_FILE = YES;
				INFOPLIST_FILE = TableView/Info.plist;
				INFOPLIST_KEY_UIApplicationSupportsIndirectInputEvents = YES;
				INFOPLIST_KEY_UILaunchStoryboardName = LaunchScreen;
				INFOPLIST_KEY_UIMainStoryboardFile = Main;
				INFOPLIST_KEY_UISupportedInterfaceOrientations_iPad = "UIInterfaceOrientationPortrait UIInterfaceOrientationPortraitUpsideDown UIInterfaceOrientationLandscapeLeft UIInterfaceOrientationLandscapeRight";
				INFOPLIST_KEY_UISupportedInterfaceOrientations_iPhone = "UIInterfaceOrientationPortrait UIInterfaceOrientationLandscapeLeft UIInterfaceOrientationLandscapeRight";
				LD_RUNPATH_SEARCH_PATHS = (
					"$(inherited)",
					"@executable_path/Frameworks",
				);
				MARKETING_VERSION = 1.0;
				PRODUCT_BUNDLE_IDENTIFIER = "Junseo-Park.TableView";
				PRODUCT_NAME = "$(TARGET_NAME)";
				SWIFT_EMIT_LOC_STRINGS = YES;
				SWIFT_VERSION = 5.0;
				TARGETED_DEVICE_FAMILY = "1,2";
			};
			name = Debug;
		};
		7979FDC628AE27C600D2F34E /* Release */ = {
			isa = XCBuildConfiguration;
			buildSettings = {
				ASSETCATALOG_COMPILER_APPICON_NAME = AppIcon;
				ASSETCATALOG_COMPILER_GLOBAL_ACCENT_COLOR_NAME = AccentColor;
				CODE_SIGN_STYLE = Automatic;
				CURRENT_PROJECT_VERSION = 1;
				DEVELOPMENT_TEAM = 9487SKDZZB;
				GENERATE_INFOPLIST_FILE = YES;
				INFOPLIST_FILE = TableView/Info.plist;
				INFOPLIST_KEY_UIApplicationSupportsIndirectInputEvents = YES;
				INFOPLIST_KEY_UILaunchStoryboardName = LaunchScreen;
				INFOPLIST_KEY_UIMainStoryboardFile = Main;
				INFOPLIST_KEY_UISupportedInterfaceOrientations_iPad = "UIInterfaceOrientationPortrait UIInterfaceOrientationPortraitUpsideDown UIInterfaceOrientationLandscapeLeft UIInterfaceOrientationLandscapeRight";
				INFOPLIST_KEY_UISupportedInterfaceOrientations_iPhone = "UIInterfaceOrientationPortrait UIInterfaceOrientationLandscapeLeft UIInterfaceOrientationLandscapeRight";
				LD_RUNPATH_SEARCH_PATHS = (
					"$(inherited)",
					"@executable_path/Frameworks",
				);
				MARKETING_VERSION = 1.0;
				PRODUCT_BUNDLE_IDENTIFIER = "Junseo-Park.TableView";
				PRODUCT_NAME = "$(TARGET_NAME)";
				SWIFT_EMIT_LOC_STRINGS = YES;
				SWIFT_VERSION = 5.0;
				TARGETED_DEVICE_FAMILY = "1,2";
			};
			name = Release;
		};
		7979FDC828AE27C600D2F34E /* Debug */ = {
			isa = XCBuildConfiguration;
			buildSettings = {
				ALWAYS_EMBED_SWIFT_STANDARD_LIBRARIES = YES;
				BUNDLE_LOADER = "$(TEST_HOST)";
				CODE_SIGN_STYLE = Automatic;
				CURRENT_PROJECT_VERSION = 1;
				DEVELOPMENT_TEAM = 9487SKDZZB;
				GENERATE_INFOPLIST_FILE = YES;
				IPHONEOS_DEPLOYMENT_TARGET = 15.4;
				MARKETING_VERSION = 1.0;
				PRODUCT_BUNDLE_IDENTIFIER = "Junseo-Park.TableViewTests";
				PRODUCT_NAME = "$(TARGET_NAME)";
				SWIFT_EMIT_LOC_STRINGS = NO;
				SWIFT_VERSION = 5.0;
				TARGETED_DEVICE_FAMILY = "1,2";
				TEST_HOST = "$(BUILT_PRODUCTS_DIR)/TableView.app/TableView";
			};
			name = Debug;
		};
		7979FDC928AE27C600D2F34E /* Release */ = {
			isa = XCBuildConfiguration;
			buildSettings = {
				ALWAYS_EMBED_SWIFT_STANDARD_LIBRARIES = YES;
				BUNDLE_LOADER = "$(TEST_HOST)";
				CODE_SIGN_STYLE = Automatic;
				CURRENT_PROJECT_VERSION = 1;
				DEVELOPMENT_TEAM = 9487SKDZZB;
				GENERATE_INFOPLIST_FILE = YES;
				IPHONEOS_DEPLOYMENT_TARGET = 15.4;
				MARKETING_VERSION = 1.0;
				PRODUCT_BUNDLE_IDENTIFIER = "Junseo-Park.TableViewTests";
				PRODUCT_NAME = "$(TARGET_NAME)";
				SWIFT_EMIT_LOC_STRINGS = NO;
				SWIFT_VERSION = 5.0;
				TARGETED_DEVICE_FAMILY = "1,2";
				TEST_HOST = "$(BUILT_PRODUCTS_DIR)/TableView.app/TableView";
			};
			name = Release;
		};
		7979FDCB28AE27C600D2F34E /* Debug */ = {
			isa = XCBuildConfiguration;
			buildSettings = {
				ALWAYS_EMBED_SWIFT_STANDARD_LIBRARIES = YES;
				CODE_SIGN_STYLE = Automatic;
				CURRENT_PROJECT_VERSION = 1;
				DEVELOPMENT_TEAM = 9487SKDZZB;
				GENERATE_INFOPLIST_FILE = YES;
				MARKETING_VERSION = 1.0;
				PRODUCT_BUNDLE_IDENTIFIER = "Junseo-Park.TableViewUITests";
				PRODUCT_NAME = "$(TARGET_NAME)";
				SWIFT_EMIT_LOC_STRINGS = NO;
				SWIFT_VERSION = 5.0;
				TARGETED_DEVICE_FAMILY = "1,2";
				TEST_TARGET_NAME = TableView;
			};
			name = Debug;
		};
		7979FDCC28AE27C600D2F34E /* Release */ = {
			isa = XCBuildConfiguration;
			buildSettings = {
				ALWAYS_EMBED_SWIFT_STANDARD_LIBRARIES = YES;
				CODE_SIGN_STYLE = Automatic;
				CURRENT_PROJECT_VERSION = 1;
				DEVELOPMENT_TEAM = 9487SKDZZB;
				GENERATE_INFOPLIST_FILE = YES;
				MARKETING_VERSION = 1.0;
				PRODUCT_BUNDLE_IDENTIFIER = "Junseo-Park.TableViewUITests";
				PRODUCT_NAME = "$(TARGET_NAME)";
				SWIFT_EMIT_LOC_STRINGS = NO;
				SWIFT_VERSION = 5.0;
				TARGETED_DEVICE_FAMILY = "1,2";
				TEST_TARGET_NAME = TableView;
			};
			name = Release;
		};
/* End XCBuildConfiguration section */

/* Begin XCConfigurationList section */
		7979FD9528AE27C400D2F34E /* Build configuration list for PBXProject "TableView" */ = {
			isa = XCConfigurationList;
			buildConfigurations = (
				7979FDC228AE27C600D2F34E /* Debug */,
				7979FDC328AE27C600D2F34E /* Release */,
			);
			defaultConfigurationIsVisible = 0;
			defaultConfigurationName = Release;
		};
		7979FDC428AE27C600D2F34E /* Build configuration list for PBXNativeTarget "TableView" */ = {
			isa = XCConfigurationList;
			buildConfigurations = (
				7979FDC528AE27C600D2F34E /* Debug */,
				7979FDC628AE27C600D2F34E /* Release */,
			);
			defaultConfigurationIsVisible = 0;
			defaultConfigurationName = Release;
		};
		7979FDC728AE27C600D2F34E /* Build configuration list for PBXNativeTarget "TableViewTests" */ = {
			isa = XCConfigurationList;
			buildConfigurations = (
				7979FDC828AE27C600D2F34E /* Debug */,
				7979FDC928AE27C600D2F34E /* Release */,
			);
			defaultConfigurationIsVisible = 0;
			defaultConfigurationName = Release;
		};
		7979FDCA28AE27C600D2F34E /* Build configuration list for PBXNativeTarget "TableViewUITests" */ = {
			isa = XCConfigurationList;
			buildConfigurations = (
				7979FDCB28AE27C600D2F34E /* Debug */,
				7979FDCC28AE27C600D2F34E /* Release */,
			);
			defaultConfigurationIsVisible = 0;
			defaultConfigurationName = Release;
		};
/* End XCConfigurationList section */
	};
	rootObject = 7979FD9228AE27C400D2F34E /* Project object */;
}
